
Microsoft Visual Studio Solution File, Format Version 12.00
# Visual Studio Version 17
VisualStudioVersion = 17.0.32126.317
MinimumVisualStudioVersion = 10.0.40219.1
Project("{FAE04EC0-301F-11D3-BF4B-00C04F79EFBC}") = "Eden", "Eden.csproj", "{F49B5B11-5475-D98A-BF58-F6C878F5BC27}"
EndProject
Project("{FAE04EC0-301F-11D3-BF4B-00C04F79EFBC}") = "Tests", "Tests.csproj", "{C1E30D98-63CC-AC46-21E1-90F35AD60979}"
EndProject
Project("{2150E333-8FDC-42A3-9474-1A3956D46DE8}") = "Solution Items", "Solution Items", "{D42CCDBD-C846-4ABC-A3DD-962483AAE3FA}"
	ProjectSection(SolutionItems) = preProject
		.editorconfig = .editorconfig
	EndProjectSection
EndProject
Global
	GlobalSection(SolutionConfigurationPlatforms) = preSolution
		Debug|Any CPU = Debug|Any CPU
		Release|Any CPU = Release|Any CPU
	EndGlobalSection
	GlobalSection(ProjectConfigurationPlatforms) = postSolution
		{F49B5B11-5475-D98A-BF58-F6C878F5BC27}.Debug|Any CPU.ActiveCfg = Debug|Any CPU
		{F49B5B11-5475-D98A-BF58-F6C878F5BC27}.Debug|Any CPU.Build.0 = Debug|Any CPU
		{F49B5B11-5475-D98A-BF58-F6C878F5BC27}.Release|Any CPU.ActiveCfg = Release|Any CPU
		{F49B5B11-5475-D98A-BF58-F6C878F5BC27}.Release|Any CPU.Build.0 = Release|Any CPU
		{C1E30D98-63CC-AC46-21E1-90F35AD60979}.Debug|Any CPU.ActiveCfg = Debug|Any CPU
		{C1E30D98-63CC-AC46-21E1-90F35AD60979}.Debug|Any CPU.Build.0 = Debug|Any CPU
		{C1E30D98-63CC-AC46-21E1-90F35AD60979}.Release|Any CPU.ActiveCfg = Release|Any CPU
		{C1E30D98-63CC-AC46-21E1-90F35AD60979}.Release|Any CPU.Build.0 = Release|Any CPU
	EndGlobalSection
	GlobalSection(SolutionProperties) = preSolution
		HideSolutionNode = FALSE
	EndGlobalSection
	GlobalSection(ExtensibilityGlobals) = postSolution
		SolutionGuid = {6BEFB65D-F49C-4A0E-8D21-862DD4783432}
	EndGlobalSection
EndGlobal
